
Microsoft Visual Studio Solution File, Format Version 12.00
# Visual Studio Version 17
VisualStudioVersion = 17.1.32407.343
MinimumVisualStudioVersion = 10.0.40219.1
Project("{9A19103F-16F7-4668-BE54-9A1E7A4F7556}") = "Common", "Common\Common.csproj", "{A94E28F8-1F27-4327-8C48-A0C71D4E72F9}"
EndProject
Project("{9A19103F-16F7-4668-BE54-9A1E7A4F7556}") = "Eltitnu", "Eltitnu\Eltitnu.csproj", "{3AABE768-5C56-4633-9FCF-37DFF092932B}"
EndProject
Project("{9A19103F-16F7-4668-BE54-9A1E7A4F7556}") = "Triangle", "Triangle\Triangle.csproj", "{6EFEDDEF-B63B-4463-9BED-8A30D138C185}"
EndProject
Project("{9A19103F-16F7-4668-BE54-9A1E7A4F7556}") = "OpenTK.Compute", "OpenTK\src\OpenTK.Compute\OpenTK.Compute.csproj", "{D0FE62E0-0B7D-4B66-89BA-58872AF8D5BC}"
EndProject
Project("{9A19103F-16F7-4668-BE54-9A1E7A4F7556}") = "OpenTK.Core", "OpenTK\src\OpenTK.Core\OpenTK.Core.csproj", "{13CF7A99-5FF7-4874-88D8-FC795EB854D0}"
EndProject
Project("{9A19103F-16F7-4668-BE54-9A1E7A4F7556}") = "OpenTK.OpenAL", "OpenTK\src\OpenAL\OpenTK.OpenAL\OpenTK.OpenAL.csproj", "{BEBDD176-D64E-46CC-8A5F-0D0ED261F6D2}"
EndProject
Project("{2150E333-8FDC-42A3-9474-1A3956D46DE8}") = "OpenTK", "OpenTK", "{08F21041-71F4-44AD-8E22-84CEADF4E43F}"
EndProject
Project("{2150E333-8FDC-42A3-9474-1A3956D46DE8}") = "OpenAL", "OpenAL", "{147D594D-8B45-4482-A57B-2F78C922296C}"
EndProject
Project("{9A19103F-16F7-4668-BE54-9A1E7A4F7556}") = "OpenTK.Graphics", "OpenTK\src\OpenTK.Graphics\OpenTK.Graphics.csproj", "{7E7A462A-8F60-4CA0-A621-DF11CCD35400}"
EndProject
Project("{9A19103F-16F7-4668-BE54-9A1E7A4F7556}") = "OpenTK.Input", "OpenTK\src\OpenTK.Input\OpenTK.Input.csproj", "{9E5664EA-5A88-44AF-AB1A-58EDF8A0322C}"
EndProject
Project("{9A19103F-16F7-4668-BE54-9A1E7A4F7556}") = "OpenTK.Mathematics", "OpenTK\src\OpenTK.Mathematics\OpenTK.Mathematics.csproj", "{072669A1-9739-4B6C-815C-0DDA00C387C3}"
EndProject
Project("{2150E333-8FDC-42A3-9474-1A3956D46DE8}") = "Windowing", "Windowing", "{C5314AA4-02D7-4017-B5C9-F98FB08CDCC9}"
EndProject
Project("{9A19103F-16F7-4668-BE54-9A1E7A4F7556}") = "OpenTK.Windowing.Common", "OpenTK\src\OpenTK.Windowing.Common\OpenTK.Windowing.Common.csproj", "{A45CD83A-62B6-4687-8A0F-2BA5C4F1BDF0}"
EndProject
Project("{9A19103F-16F7-4668-BE54-9A1E7A4F7556}") = "OpenTK.Windowing.Desktop", "OpenTK\src\OpenTK.Windowing.Desktop\OpenTK.Windowing.Desktop.csproj", "{B5DF90E8-C874-4FA9-98F7-EB6A5C4DDECC}"
EndProject
Project("{9A19103F-16F7-4668-BE54-9A1E7A4F7556}") = "OpenTK.Windowing.GraphicsLibraryFramework", "OpenTK\src\OpenTK.Windowing.GraphicsLibraryFramework\OpenTK.Windowing.GraphicsLibraryFramework.csproj", "{5A825C04-305E-42EA-9AC8-2B2560669B03}"
EndProject
Global
	GlobalSection(SolutionConfigurationPlatforms) = preSolution
		Debug|Any CPU = Debug|Any CPU
		Release|Any CPU = Release|Any CPU
	EndGlobalSection
	GlobalSection(ProjectConfigurationPlatforms) = postSolution
		{A94E28F8-1F27-4327-8C48-A0C71D4E72F9}.Debug|Any CPU.ActiveCfg = Debug|Any CPU
		{A94E28F8-1F27-4327-8C48-A0C71D4E72F9}.Debug|Any CPU.Build.0 = Debug|Any CPU
		{A94E28F8-1F27-4327-8C48-A0C71D4E72F9}.Release|Any CPU.ActiveCfg = Release|Any CPU
		{A94E28F8-1F27-4327-8C48-A0C71D4E72F9}.Release|Any CPU.Build.0 = Release|Any CPU
		{3AABE768-5C56-4633-9FCF-37DFF092932B}.Debug|Any CPU.ActiveCfg = Debug|Any CPU
		{3AABE768-5C56-4633-9FCF-37DFF092932B}.Debug|Any CPU.Build.0 = Debug|Any CPU
		{3AABE768-5C56-4633-9FCF-37DFF092932B}.Release|Any CPU.ActiveCfg = Release|Any CPU
		{3AABE768-5C56-4633-9FCF-37DFF092932B}.Release|Any CPU.Build.0 = Release|Any CPU
		{6EFEDDEF-B63B-4463-9BED-8A30D138C185}.Debug|Any CPU.ActiveCfg = Debug|Any CPU
		{6EFEDDEF-B63B-4463-9BED-8A30D138C185}.Debug|Any CPU.Build.0 = Debug|Any CPU
		{6EFEDDEF-B63B-4463-9BED-8A30D138C185}.Release|Any CPU.ActiveCfg = Release|Any CPU
		{6EFEDDEF-B63B-4463-9BED-8A30D138C185}.Release|Any CPU.Build.0 = Release|Any CPU
		{D0FE62E0-0B7D-4B66-89BA-58872AF8D5BC}.Debug|Any CPU.ActiveCfg = Debug|Any CPU
		{D0FE62E0-0B7D-4B66-89BA-58872AF8D5BC}.Debug|Any CPU.Build.0 = Debug|Any CPU
		{D0FE62E0-0B7D-4B66-89BA-58872AF8D5BC}.Release|Any CPU.ActiveCfg = Release|Any CPU
		{D0FE62E0-0B7D-4B66-89BA-58872AF8D5BC}.Release|Any CPU.Build.0 = Release|Any CPU
		{13CF7A99-5FF7-4874-88D8-FC795EB854D0}.Debug|Any CPU.ActiveCfg = Debug|Any CPU
		{13CF7A99-5FF7-4874-88D8-FC795EB854D0}.Debug|Any CPU.Build.0 = Debug|Any CPU
		{13CF7A99-5FF7-4874-88D8-FC795EB854D0}.Release|Any CPU.ActiveCfg = Release|Any CPU
		{13CF7A99-5FF7-4874-88D8-FC795EB854D0}.Release|Any CPU.Build.0 = Release|Any CPU
		{BEBDD176-D64E-46CC-8A5F-0D0ED261F6D2}.Debug|Any CPU.ActiveCfg = Debug|Any CPU
		{BEBDD176-D64E-46CC-8A5F-0D0ED261F6D2}.Debug|Any CPU.Build.0 = Debug|Any CPU
		{BEBDD176-D64E-46CC-8A5F-0D0ED261F6D2}.Release|Any CPU.ActiveCfg = Release|Any CPU
		{BEBDD176-D64E-46CC-8A5F-0D0ED261F6D2}.Release|Any CPU.Build.0 = Release|Any CPU
		{7E7A462A-8F60-4CA0-A621-DF11CCD35400}.Debug|Any CPU.ActiveCfg = Debug|Any CPU
		{7E7A462A-8F60-4CA0-A621-DF11CCD35400}.Debug|Any CPU.Build.0 = Debug|Any CPU
		{7E7A462A-8F60-4CA0-A621-DF11CCD35400}.Release|Any CPU.ActiveCfg = Release|Any CPU
		{7E7A462A-8F60-4CA0-A621-DF11CCD35400}.Release|Any CPU.Build.0 = Release|Any CPU
		{9E5664EA-5A88-44AF-AB1A-58EDF8A0322C}.Debug|Any CPU.ActiveCfg = Debug|Any CPU
		{9E5664EA-5A88-44AF-AB1A-58EDF8A0322C}.Debug|Any CPU.Build.0 = Debug|Any CPU
		{9E5664EA-5A88-44AF-AB1A-58EDF8A0322C}.Release|Any CPU.ActiveCfg = Release|Any CPU
		{9E5664EA-5A88-44AF-AB1A-58EDF8A0322C}.Release|Any CPU.Build.0 = Release|Any CPU
		{072669A1-9739-4B6C-815C-0DDA00C387C3}.Debug|Any CPU.ActiveCfg = Debug|Any CPU
		{072669A1-9739-4B6C-815C-0DDA00C387C3}.Debug|Any CPU.Build.0 = Debug|Any CPU
		{072669A1-9739-4B6C-815C-0DDA00C387C3}.Release|Any CPU.ActiveCfg = Release|Any CPU
		{072669A1-9739-4B6C-815C-0DDA00C387C3}.Release|Any CPU.Build.0 = Release|Any CPU
		{A45CD83A-62B6-4687-8A0F-2BA5C4F1BDF0}.Debug|Any CPU.ActiveCfg = Debug|Any CPU
		{A45CD83A-62B6-4687-8A0F-2BA5C4F1BDF0}.Debug|Any CPU.Build.0 = Debug|Any CPU
		{A45CD83A-62B6-4687-8A0F-2BA5C4F1BDF0}.Release|Any CPU.ActiveCfg = Release|Any CPU
		{A45CD83A-62B6-4687-8A0F-2BA5C4F1BDF0}.Release|Any CPU.Build.0 = Release|Any CPU
		{B5DF90E8-C874-4FA9-98F7-EB6A5C4DDECC}.Debug|Any CPU.ActiveCfg = Debug|Any CPU
		{B5DF90E8-C874-4FA9-98F7-EB6A5C4DDECC}.Debug|Any CPU.Build.0 = Debug|Any CPU
		{B5DF90E8-C874-4FA9-98F7-EB6A5C4DDECC}.Release|Any CPU.ActiveCfg = Release|Any CPU
		{B5DF90E8-C874-4FA9-98F7-EB6A5C4DDECC}.Release|Any CPU.Build.0 = Release|Any CPU
		{5A825C04-305E-42EA-9AC8-2B2560669B03}.Debug|Any CPU.ActiveCfg = Debug|Any CPU
		{5A825C04-305E-42EA-9AC8-2B2560669B03}.Debug|Any CPU.Build.0 = Debug|Any CPU
		{5A825C04-305E-42EA-9AC8-2B2560669B03}.Release|Any CPU.ActiveCfg = Release|Any CPU
		{5A825C04-305E-42EA-9AC8-2B2560669B03}.Release|Any CPU.Build.0 = Release|Any CPU
	EndGlobalSection
	GlobalSection(SolutionProperties) = preSolution
		HideSolutionNode = FALSE
	EndGlobalSection
	GlobalSection(NestedProjects) = preSolution
		{D0FE62E0-0B7D-4B66-89BA-58872AF8D5BC} = {08F21041-71F4-44AD-8E22-84CEADF4E43F}
		{13CF7A99-5FF7-4874-88D8-FC795EB854D0} = {08F21041-71F4-44AD-8E22-84CEADF4E43F}
		{BEBDD176-D64E-46CC-8A5F-0D0ED261F6D2} = {147D594D-8B45-4482-A57B-2F78C922296C}
		{147D594D-8B45-4482-A57B-2F78C922296C} = {08F21041-71F4-44AD-8E22-84CEADF4E43F}
		{7E7A462A-8F60-4CA0-A621-DF11CCD35400} = {08F21041-71F4-44AD-8E22-84CEADF4E43F}
		{9E5664EA-5A88-44AF-AB1A-58EDF8A0322C} = {08F21041-71F4-44AD-8E22-84CEADF4E43F}
		{072669A1-9739-4B6C-815C-0DDA00C387C3} = {08F21041-71F4-44AD-8E22-84CEADF4E43F}
		{C5314AA4-02D7-4017-B5C9-F98FB08CDCC9} = {08F21041-71F4-44AD-8E22-84CEADF4E43F}
		{A45CD83A-62B6-4687-8A0F-2BA5C4F1BDF0} = {C5314AA4-02D7-4017-B5C9-F98FB08CDCC9}
		{B5DF90E8-C874-4FA9-98F7-EB6A5C4DDECC} = {C5314AA4-02D7-4017-B5C9-F98FB08CDCC9}
		{5A825C04-305E-42EA-9AC8-2B2560669B03} = {C5314AA4-02D7-4017-B5C9-F98FB08CDCC9}
	EndGlobalSection
	GlobalSection(ExtensibilityGlobals) = postSolution
		SolutionGuid = {E7FE52B9-BE2E-4C98-9D46-F7D678FB6F14}
	EndGlobalSection
EndGlobal
