
Microsoft Visual Studio Solution File, Format Version 12.00
# Visual Studio Version 17
VisualStudioVersion = 17.1.32407.343
MinimumVisualStudioVersion = 10.0.40219.1
Project("{9A19103F-16F7-4668-BE54-9A1E7A4F7556}") = "Common", "Common\Common.csproj", "{A94E28F8-1F27-4327-8C48-A0C71D4E72F9}"
EndProject
Project("{9A19103F-16F7-4668-BE54-9A1E7A4F7556}") = "Eltitnu", "Eltitnu\Eltitnu.csproj", "{3AABE768-5C56-4633-9FCF-37DFF092932B}"
EndProject
Global
	GlobalSection(SolutionConfigurationPlatforms) = preSolution
		Debug|Any CPU = Debug|Any CPU
		Release|Any CPU = Release|Any CPU
	EndGlobalSection
	GlobalSection(ProjectConfigurationPlatforms) = postSolution
		{A94E28F8-1F27-4327-8C48-A0C71D4E72F9}.Debug|Any CPU.ActiveCfg = Debug|Any CPU
		{A94E28F8-1F27-4327-8C48-A0C71D4E72F9}.Debug|Any CPU.Build.0 = Debug|Any CPU
		{A94E28F8-1F27-4327-8C48-A0C71D4E72F9}.Release|Any CPU.ActiveCfg = Release|Any CPU
		{A94E28F8-1F27-4327-8C48-A0C71D4E72F9}.Release|Any CPU.Build.0 = Release|Any CPU
		{3AABE768-5C56-4633-9FCF-37DFF092932B}.Debug|Any CPU.ActiveCfg = Debug|Any CPU
		{3AABE768-5C56-4633-9FCF-37DFF092932B}.Debug|Any CPU.Build.0 = Debug|Any CPU
		{3AABE768-5C56-4633-9FCF-37DFF092932B}.Release|Any CPU.ActiveCfg = Release|Any CPU
		{3AABE768-5C56-4633-9FCF-37DFF092932B}.Release|Any CPU.Build.0 = Release|Any CPU
	EndGlobalSection
	GlobalSection(SolutionProperties) = preSolution
		HideSolutionNode = FALSE
	EndGlobalSection
	GlobalSection(ExtensibilityGlobals) = postSolution
		SolutionGuid = {E7FE52B9-BE2E-4C98-9D46-F7D678FB6F14}
	EndGlobalSection
EndGlobal
